
Microsoft Visual Studio Solution File, Format Version 12.00
# Visual Studio 14
VisualStudioVersion = 14.0.25123.0
MinimumVisualStudioVersion = 10.0.40219.1
Project("{FAE04EC0-301F-11D3-BF4B-00C04F79EFBC}") = "BrainSample", "BrainsSample\BrainSample.csproj", "{81AD1944-9B62-4FC9-819B-9D02B6E013D1}"
EndProject
Project("{FAE04EC0-301F-11D3-BF4B-00C04F79EFBC}") = "AutoMock.AutoFixture", "AutoMock.AutoFixture\AutoMock.AutoFixture.csproj", "{F78EBF45-9FE0-4CB1-A556-214D2CA053F2}"
EndProject
Project("{FAE04EC0-301F-11D3-BF4B-00C04F79EFBC}") = "ShouldlyTests", "Shouldly\ShouldlyTests.csproj", "{B1FB1E2F-607D-40E0-A7B7-405A9E85F915}"
EndProject
Project("{FAE04EC0-301F-11D3-BF4B-00C04F79EFBC}") = "FluentAssertionTests", "FluentAssertionTests\FluentAssertionTests.csproj", "{BD22875F-2476-464C-9DD7-34FAE59EB6C8}"
EndProject
Project("{2150E333-8FDC-42A3-9474-1A3956D46DE8}") = "Assert", "Assert", "{7C419083-8ED5-4D63-B172-0250305BFF4B}"
EndProject
Project("{2150E333-8FDC-42A3-9474-1A3956D46DE8}") = "Arrange", "Arrange", "{07A85C96-86B0-40C7-8ECD-005E2EE1BC98}"
EndProject
Project("{2150E333-8FDC-42A3-9474-1A3956D46DE8}") = "TestClasses", "TestClasses", "{F8386E47-E878-4170-91B5-3A4532AC4FEF}"
EndProject
Project("{FAE04EC0-301F-11D3-BF4B-00C04F79EFBC}") = "BuilderPattern", "BuilderPattern\BuilderPattern.csproj", "{9A1157E1-B848-413D-B9D9-30CD920E9C1A}"
EndProject
Project("{FAE04EC0-301F-11D3-BF4B-00C04F79EFBC}") = "StackExcangeNotifier", "StackExcangeNotifier\StackExcangeNotifier.csproj", "{ED523A99-FC1D-44A3-98CA-B3E6DFECD8F6}"
EndProject
Project("{FAE04EC0-301F-11D3-BF4B-00C04F79EFBC}") = "AutoMock.Refactor", "SomeServiceTests\AutoMock.Refactor.csproj", "{74C598FB-0205-4CA5-AED8-DAE0B8D17260}"
EndProject
Project("{FAE04EC0-301F-11D3-BF4B-00C04F79EFBC}") = "UsingExport", "UsingExport\UsingExport.csproj", "{034F6942-4A54-47A5-8116-79E66F232725}"
EndProject
Project("{FAE04EC0-301F-11D3-BF4B-00C04F79EFBC}") = "ComparingObjects", "ComparingObjects\ComparingObjects.csproj", "{A4BA68F9-7326-427C-880C-D6733765CB7B}"
EndProject
Global
	GlobalSection(SolutionConfigurationPlatforms) = preSolution
		Debug|Any CPU = Debug|Any CPU
		Release|Any CPU = Release|Any CPU
	EndGlobalSection
	GlobalSection(ProjectConfigurationPlatforms) = postSolution
		{81AD1944-9B62-4FC9-819B-9D02B6E013D1}.Debug|Any CPU.ActiveCfg = Debug|Any CPU
		{81AD1944-9B62-4FC9-819B-9D02B6E013D1}.Debug|Any CPU.Build.0 = Debug|Any CPU
		{81AD1944-9B62-4FC9-819B-9D02B6E013D1}.Release|Any CPU.ActiveCfg = Release|Any CPU
		{81AD1944-9B62-4FC9-819B-9D02B6E013D1}.Release|Any CPU.Build.0 = Release|Any CPU
		{F78EBF45-9FE0-4CB1-A556-214D2CA053F2}.Debug|Any CPU.ActiveCfg = Debug|Any CPU
		{F78EBF45-9FE0-4CB1-A556-214D2CA053F2}.Debug|Any CPU.Build.0 = Debug|Any CPU
		{F78EBF45-9FE0-4CB1-A556-214D2CA053F2}.Release|Any CPU.ActiveCfg = Release|Any CPU
		{F78EBF45-9FE0-4CB1-A556-214D2CA053F2}.Release|Any CPU.Build.0 = Release|Any CPU
		{B1FB1E2F-607D-40E0-A7B7-405A9E85F915}.Debug|Any CPU.ActiveCfg = Debug|Any CPU
		{B1FB1E2F-607D-40E0-A7B7-405A9E85F915}.Debug|Any CPU.Build.0 = Debug|Any CPU
		{B1FB1E2F-607D-40E0-A7B7-405A9E85F915}.Release|Any CPU.ActiveCfg = Release|Any CPU
		{B1FB1E2F-607D-40E0-A7B7-405A9E85F915}.Release|Any CPU.Build.0 = Release|Any CPU
		{BD22875F-2476-464C-9DD7-34FAE59EB6C8}.Debug|Any CPU.ActiveCfg = Debug|Any CPU
		{BD22875F-2476-464C-9DD7-34FAE59EB6C8}.Debug|Any CPU.Build.0 = Debug|Any CPU
		{BD22875F-2476-464C-9DD7-34FAE59EB6C8}.Release|Any CPU.ActiveCfg = Release|Any CPU
		{BD22875F-2476-464C-9DD7-34FAE59EB6C8}.Release|Any CPU.Build.0 = Release|Any CPU
		{9A1157E1-B848-413D-B9D9-30CD920E9C1A}.Debug|Any CPU.ActiveCfg = Debug|Any CPU
		{9A1157E1-B848-413D-B9D9-30CD920E9C1A}.Debug|Any CPU.Build.0 = Debug|Any CPU
		{9A1157E1-B848-413D-B9D9-30CD920E9C1A}.Release|Any CPU.ActiveCfg = Release|Any CPU
		{9A1157E1-B848-413D-B9D9-30CD920E9C1A}.Release|Any CPU.Build.0 = Release|Any CPU
		{ED523A99-FC1D-44A3-98CA-B3E6DFECD8F6}.Debug|Any CPU.ActiveCfg = Debug|Any CPU
		{ED523A99-FC1D-44A3-98CA-B3E6DFECD8F6}.Debug|Any CPU.Build.0 = Debug|Any CPU
		{ED523A99-FC1D-44A3-98CA-B3E6DFECD8F6}.Release|Any CPU.ActiveCfg = Release|Any CPU
		{ED523A99-FC1D-44A3-98CA-B3E6DFECD8F6}.Release|Any CPU.Build.0 = Release|Any CPU
		{74C598FB-0205-4CA5-AED8-DAE0B8D17260}.Debug|Any CPU.ActiveCfg = Debug|Any CPU
		{74C598FB-0205-4CA5-AED8-DAE0B8D17260}.Debug|Any CPU.Build.0 = Debug|Any CPU
		{74C598FB-0205-4CA5-AED8-DAE0B8D17260}.Release|Any CPU.ActiveCfg = Release|Any CPU
		{74C598FB-0205-4CA5-AED8-DAE0B8D17260}.Release|Any CPU.Build.0 = Release|Any CPU
		{034F6942-4A54-47A5-8116-79E66F232725}.Debug|Any CPU.ActiveCfg = Debug|Any CPU
		{034F6942-4A54-47A5-8116-79E66F232725}.Debug|Any CPU.Build.0 = Debug|Any CPU
		{034F6942-4A54-47A5-8116-79E66F232725}.Release|Any CPU.ActiveCfg = Release|Any CPU
		{034F6942-4A54-47A5-8116-79E66F232725}.Release|Any CPU.Build.0 = Release|Any CPU
		{A4BA68F9-7326-427C-880C-D6733765CB7B}.Debug|Any CPU.ActiveCfg = Debug|Any CPU
		{A4BA68F9-7326-427C-880C-D6733765CB7B}.Debug|Any CPU.Build.0 = Debug|Any CPU
		{A4BA68F9-7326-427C-880C-D6733765CB7B}.Release|Any CPU.ActiveCfg = Release|Any CPU
		{A4BA68F9-7326-427C-880C-D6733765CB7B}.Release|Any CPU.Build.0 = Release|Any CPU
	EndGlobalSection
	GlobalSection(SolutionProperties) = preSolution
		HideSolutionNode = FALSE
	EndGlobalSection
	GlobalSection(NestedProjects) = preSolution
		{81AD1944-9B62-4FC9-819B-9D02B6E013D1} = {F8386E47-E878-4170-91B5-3A4532AC4FEF}
		{F78EBF45-9FE0-4CB1-A556-214D2CA053F2} = {07A85C96-86B0-40C7-8ECD-005E2EE1BC98}
		{B1FB1E2F-607D-40E0-A7B7-405A9E85F915} = {7C419083-8ED5-4D63-B172-0250305BFF4B}
		{BD22875F-2476-464C-9DD7-34FAE59EB6C8} = {7C419083-8ED5-4D63-B172-0250305BFF4B}
		{9A1157E1-B848-413D-B9D9-30CD920E9C1A} = {07A85C96-86B0-40C7-8ECD-005E2EE1BC98}
		{ED523A99-FC1D-44A3-98CA-B3E6DFECD8F6} = {F8386E47-E878-4170-91B5-3A4532AC4FEF}
		{74C598FB-0205-4CA5-AED8-DAE0B8D17260} = {07A85C96-86B0-40C7-8ECD-005E2EE1BC98}
		{034F6942-4A54-47A5-8116-79E66F232725} = {07A85C96-86B0-40C7-8ECD-005E2EE1BC98}
		{A4BA68F9-7326-427C-880C-D6733765CB7B} = {7C419083-8ED5-4D63-B172-0250305BFF4B}
	EndGlobalSection
EndGlobal
